
Microsoft Visual Studio Solution File, Format Version 12.00
# Visual Studio Version 17
VisualStudioVersion = 17.3.32929.385
MinimumVisualStudioVersion = 10.0.40219.1
Project("{FAE04EC0-301F-11D3-BF4B-00C04F79EFBC}") = "GestorEscolar", "GestorEscolar\GestorEscolar.csproj", "{54F0E0AB-C174-4B48-8CEA-53D171FEE910}"
EndProject
Project("{2150E333-8FDC-42A3-9474-1A3956D46DE8}") = "Elementos de la solución", "Elementos de la solución", "{6DF7E6CE-619B-406C-9E50-0DB478E11269}"
EndProject
Global
	GlobalSection(SolutionConfigurationPlatforms) = preSolution
		Debug|Any CPU = Debug|Any CPU
		Release|Any CPU = Release|Any CPU
	EndGlobalSection
	GlobalSection(ProjectConfigurationPlatforms) = postSolution
		{54F0E0AB-C174-4B48-8CEA-53D171FEE910}.Debug|Any CPU.ActiveCfg = Debug|Any CPU
		{54F0E0AB-C174-4B48-8CEA-53D171FEE910}.Debug|Any CPU.Build.0 = Debug|Any CPU
		{54F0E0AB-C174-4B48-8CEA-53D171FEE910}.Release|Any CPU.ActiveCfg = Release|Any CPU
		{54F0E0AB-C174-4B48-8CEA-53D171FEE910}.Release|Any CPU.Build.0 = Release|Any CPU
	EndGlobalSection
	GlobalSection(SolutionProperties) = preSolution
		HideSolutionNode = FALSE
	EndGlobalSection
	GlobalSection(ExtensibilityGlobals) = postSolution
		SolutionGuid = {4CACDD8C-9D18-4C6C-AA81-D273E520DB40}
	EndGlobalSection
EndGlobal
